<?xml version="1.0" encoding="utf-8"?>
<Project ToolsVersion="4.0" xmlns="http://schemas.microsoft.com/developer/msbuild/2003">
  <ItemGroup>
    <Filter Include="Исходные файлы">
      <UniqueIdentifier>{4FC737F1-C7A5-4376-A066-2A32D752A2FF}</UniqueIdentifier>
      <Extensions>cpp;c;cc;cxx;def;odl;idl;hpj;bat;asm;asmx</Extensions>
    </Filter>
    <Filter Include="Файлы заголовков">
      <UniqueIdentifier>{93995380-89BD-4b04-88EB-625FBE52EBFB}</UniqueIdentifier>
      <Extensions>h;hh;hpp;hxx;hm;inl;inc;ipp;xsd</Extensions>
    </Filter>
    <Filter Include="Файлы ресурсов">
      <UniqueIdentifier>{67DA6AB6-F800-4c08-8B7A-83BB121AAD01}</UniqueIdentifier>
      <Extensions>rc;ico;cur;bmp;dlg;rc2;rct;bin;rgs;gif;jpg;jpeg;jpe;resx;tiff;tif;png;wav;mfcribbon-ms</Extensions>
    </Filter>
  </ItemGroup>
  <ItemGroup>
    <ClCompile Include="Chapter_1.cpp">
      <Filter>Исходные файлы</Filter>
    </ClCompile>
    <ClCompile Include="game_over.cpp">
      <Filter>Исходные файлы</Filter>
    </ClCompile>
    <ClCompile Include="loot_calculator.cpp">
      <Filter>Исходные файлы</Filter>
    </ClCompile>
    <ClCompile Include="game_stats.cpp">
      <Filter>Исходные файлы</Filter>
    </ClCompile>
    <ClCompile Include="game_stats_2.0.cpp">
      <Filter>Исходные файлы</Filter>
    </ClCompile>
    <ClCompile Include="game_stats_3.0.cpp">
      <Filter>Исходные файлы</Filter>
    </ClCompile>
    <ClCompile Include="lost_fortune.cpp">
      <Filter>Исходные файлы</Filter>
    </ClCompile>
  </ItemGroup>
  <ItemGroup>
    <ClInclude Include="game_over.h">
      <Filter>Файлы заголовков</Filter>
    </ClInclude>
    <ClInclude Include="loot_calculator.h">
      <Filter>Файлы заголовков</Filter>
    </ClInclude>
    <ClInclude Include="game_stats.h">
      <Filter>Файлы заголовков</Filter>
    </ClInclude>
    <ClInclude Include="game_stats_2.0.h">
      <Filter>Файлы заголовков</Filter>
    </ClInclude>
    <ClInclude Include="lost_fortune.h">
      <Filter>Файлы заголовков</Filter>
    </ClInclude>
  </ItemGroup>
  <ItemGroup>
    <None Include="game_stats_3.0.h">
      <Filter>Файлы заголовков</Filter>
    </None>
  </ItemGroup>
</Project>